// !$*UTF8*$!
{
	archiveVersion = 1;
	classes = {
	};
	objectVersion = 46;
	objects = {

/* Begin PBXBuildFile section */
		49172CB51C55011D0008B61B /* ViewController.swift in Sources */ = {isa = PBXBuildFile; fileRef = 49172CB11C55011D0008B61B /* ViewController.swift */; };
		49172CB61C55011D0008B61B /* Main.storyboard in Resources */ = {isa = PBXBuildFile; fileRef = 49172CB21C55011D0008B61B /* Main.storyboard */; };
		49172CB71C55011D0008B61B /* MemeTextField.swift in Sources */ = {isa = PBXBuildFile; fileRef = 49172CB31C55011D0008B61B /* MemeTextField.swift */; };
		49172CB81C55011D0008B61B /* Meme.swift in Sources */ = {isa = PBXBuildFile; fileRef = 49172CB41C55011D0008B61B /* Meme.swift */; };
		49628CBE1C4D065C00EBDD73 /* AppDelegate.swift in Sources */ = {isa = PBXBuildFile; fileRef = 49628CBD1C4D065C00EBDD73 /* AppDelegate.swift */; };
		49628CC51C4D065C00EBDD73 /* Assets.xcassets in Resources */ = {isa = PBXBuildFile; fileRef = 49628CC41C4D065C00EBDD73 /* Assets.xcassets */; };
		49628CC81C4D065C00EBDD73 /* LaunchScreen.storyboard in Resources */ = {isa = PBXBuildFile; fileRef = 49628CC61C4D065C00EBDD73 /* LaunchScreen.storyboard */; };
/* End PBXBuildFile section */

/* Begin PBXFileReference section */
		49172CB11C55011D0008B61B /* ViewController.swift */ = {isa = PBXFileReference; fileEncoding = 4; lastKnownFileType = sourcecode.swift; path = ViewController.swift; sourceTree = "<group>"; };
		49172CB21C55011D0008B61B /* Main.storyboard */ = {isa = PBXFileReference; fileEncoding = 4; lastKnownFileType = file.storyboard; path = Main.storyboard; sourceTree = "<group>"; };
		49172CB31C55011D0008B61B /* MemeTextField.swift */ = {isa = PBXFileReference; fileEncoding = 4; lastKnownFileType = sourcecode.swift; path = MemeTextField.swift; sourceTree = "<group>"; };
		49172CB41C55011D0008B61B /* Meme.swift */ = {isa = PBXFileReference; fileEncoding = 4; lastKnownFileType = sourcecode.swift; path = Meme.swift; sourceTree = "<group>"; };
		49628CBA1C4D065C00EBDD73 /* MemeMe.app */ = {isa = PBXFileReference; explicitFileType = wrapper.application; includeInIndex = 0; path = MemeMe.app; sourceTree = BUILT_PRODUCTS_DIR; };
		49628CBD1C4D065C00EBDD73 /* AppDelegate.swift */ = {isa = PBXFileReference; lastKnownFileType = sourcecode.swift; path = AppDelegate.swift; sourceTree = "<group>"; };
		49628CC41C4D065C00EBDD73 /* Assets.xcassets */ = {isa = PBXFileReference; lastKnownFileType = folder.assetcatalog; path = Assets.xcassets; sourceTree = "<group>"; };
		49628CC71C4D065C00EBDD73 /* Base */ = {isa = PBXFileReference; lastKnownFileType = file.storyboard; name = Base; path = Base.lproj/LaunchScreen.storyboard; sourceTree = "<group>"; };
		49628CC91C4D065C00EBDD73 /* Info.plist */ = {isa = PBXFileReference; lastKnownFileType = text.plist.xml; path = Info.plist; sourceTree = "<group>"; };
/* End PBXFileReference section */

/* Begin PBXFrameworksBuildPhase section */
		49628CB71C4D065B00EBDD73 /* Frameworks */ = {
			isa = PBXFrameworksBuildPhase;
			buildActionMask = 2147483647;
			files = (
			);
			runOnlyForDeploymentPostprocessing = 0;
		};
/* End PBXFrameworksBuildPhase section */

/* Begin PBXGroup section */
		49628CB11C4D065B00EBDD73 = {
			isa = PBXGroup;
			children = (
				49628CBC1C4D065C00EBDD73 /* MemeMe */,
				49628CBB1C4D065C00EBDD73 /* Products */,
			);
			sourceTree = "<group>";
		};
		49628CBB1C4D065C00EBDD73 /* Products */ = {
			isa = PBXGroup;
			children = (
				49628CBA1C4D065C00EBDD73 /* MemeMe.app */,
			);
			name = Products;
			sourceTree = "<group>";
		};
		49628CBC1C4D065C00EBDD73 /* MemeMe */ = {
			isa = PBXGroup;
			children = (
				49628CBD1C4D065C00EBDD73 /* AppDelegate.swift */,
				49172CB11C55011D0008B61B /* ViewController.swift */,
				49172CB21C55011D0008B61B /* Main.storyboard */,
				49172CB31C55011D0008B61B /* MemeTextField.swift */,
				49172CB41C55011D0008B61B /* Meme.swift */,
				49628CC41C4D065C00EBDD73 /* Assets.xcassets */,
				49628CC61C4D065C00EBDD73 /* LaunchScreen.storyboard */,
				49628CC91C4D065C00EBDD73 /* Info.plist */,
			);
			path = MemeMe;
			sourceTree = "<group>";
		};
/* End PBXGroup section */

/* Begin PBXNativeTarget section */
		49628CB91C4D065B00EBDD73 /* MemeMe */ = {
			isa = PBXNativeTarget;
			buildConfigurationList = 49628CCC1C4D065C00EBDD73 /* Build configuration list for PBXNativeTarget "MemeMe" */;
			buildPhases = (
				49628CB61C4D065B00EBDD73 /* Sources */,
				49628CB71C4D065B00EBDD73 /* Frameworks */,
				49628CB81C4D065B00EBDD73 /* Resources */,
			);
			buildRules = (
			);
			dependencies = (
			);
			name = MemeMe;
			productName = MemeMe;
			productReference = 49628CBA1C4D065C00EBDD73 /* MemeMe.app */;
			productType = "com.apple.product-type.application";
		};
/* End PBXNativeTarget section */

/* Begin PBXProject section */
		49628CB21C4D065B00EBDD73 /* Project object */ = {
			isa = PBXProject;
			attributes = {
				LastSwiftUpdateCheck = 0720;
				LastUpgradeCheck = 0720;
				ORGANIZATIONNAME = "Andrew Tantomo";
				TargetAttributes = {
					49628CB91C4D065B00EBDD73 = {
						CreatedOnToolsVersion = 7.2;
						DevelopmentTeam = GZA5R9P42G;
					};
				};
			};
			buildConfigurationList = 49628CB51C4D065B00EBDD73 /* Build configuration list for PBXProject "MemeMe" */;
			compatibilityVersion = "Xcode 3.2";
			developmentRegion = English;
			hasScannedForEncodings = 0;
			knownRegions = (
				en,
				Base,
			);
			mainGroup = 49628CB11C4D065B00EBDD73;
			productRefGroup = 49628CBB1C4D065C00EBDD73 /* Products */;
			projectDirPath = "";
			projectRoot = "";
			targets = (
				49628CB91C4D065B00EBDD73 /* MemeMe */,
			);
		};
/* End PBXProject section */

/* Begin PBXResourcesBuildPhase section */
		49628CB81C4D065B00EBDD73 /* Resources */ = {
			isa = PBXResourcesBuildPhase;
			buildActionMask = 2147483647;
			files = (
				49172CB61C55011D0008B61B /* Main.storyboard in Resources */,
				49628CC81C4D065C00EBDD73 /* LaunchScreen.storyboard in Resources */,
				49628CC51C4D065C00EBDD73 /* Assets.xcassets in Resources */,
			);
			runOnlyForDeploymentPostprocessing = 0;
		};
/* End PBXResourcesBuildPhase section */

/* Begin PBXSourcesBuildPhase section */
		49628CB61C4D065B00EBDD73 /* Sources */ = {
			isa = PBXSourcesBuildPhase;
			buildActionMask = 2147483647;
			files = (
				49172CB51C55011D0008B61B /* ViewController.swift in Sources */,
				49172CB81C55011D0008B61B /* Meme.swift in Sources */,
				49628CBE1C4D065C00EBDD73 /* AppDelegate.swift in Sources */,
				49172CB71C55011D0008B61B /* MemeTextField.swift in Sources */,
			);
			runOnlyForDeploymentPostprocessing = 0;
		};
/* End PBXSourcesBuildPhase section */

/* Begin PBXVariantGroup section */
		49628CC61C4D065C00EBDD73 /* LaunchScreen.storyboard */ = {
			isa = PBXVariantGroup;
			children = (
				49628CC71C4D065C00EBDD73 /* Base */,
			);
			name = LaunchScreen.storyboard;
			sourceTree = "<group>";
		};
/* End PBXVariantGroup section */

/* Begin XCBuildConfiguration section */
		49628CCA1C4D065C00EBDD73 /* Debug */ = {
			isa = XCBuildConfiguration;
			buildSettings = {
				ALWAYS_SEARCH_USER_PATHS = NO;
				CLANG_CXX_LANGUAGE_STANDARD = "gnu++0x";
				CLANG_CXX_LIBRARY = "libc++";
				CLANG_ENABLE_MODULES = YES;
				CLANG_ENABLE_OBJC_ARC = YES;
				CLANG_WARN_BOOL_CONVERSION = YES;
				CLANG_WARN_CONSTANT_CONVERSION = YES;
				CLANG_WARN_DIRECT_OBJC_ISA_USAGE = YES_ERROR;
				CLANG_WARN_EMPTY_BODY = YES;
				CLANG_WARN_ENUM_CONVERSION = YES;
				CLANG_WARN_INT_CONVERSION = YES;
				CLANG_WARN_OBJC_ROOT_CLASS = YES_ERROR;
				CLANG_WARN_UNREACHABLE_CODE = YES;
				CLANG_WARN__DUPLICATE_METHOD_MATCH = YES;
				"CODE_SIGN_IDENTITY[sdk=iphoneos*]" = "iPhone Developer";
				COPY_PHASE_STRIP = NO;
				DEBUG_INFORMATION_FORMAT = dwarf;
				ENABLE_STRICT_OBJC_MSGSEND = YES;
				ENABLE_TESTABILITY = YES;
				GCC_C_LANGUAGE_STANDARD = gnu99;
				GCC_DYNAMIC_NO_PIC = NO;
				GCC_NO_COMMON_BLOCKS = YES;
				GCC_OPTIMIZATION_LEVEL = 0;
				GCC_PREPROCESSOR_DEFINITIONS = (
					"DEBUG=1",
					"$(inherited)",
				);
				GCC_WARN_64_TO_32_BIT_CONVERSION = YES;
				GCC_WARN_ABOUT_RETURN_TYPE = YES_ERROR;
				GCC_WARN_UNDECLARED_SELECTOR = YES;
				GCC_WARN_UNINITIALIZED_AUTOS = YES_AGGRESSIVE;
				GCC_WARN_UNUSED_FUNCTION = YES;
				GCC_WARN_UNUSED_VARIABLE = YES;
				IPHONEOS_DEPLOYMENT_TARGET = 9.2;
				MTL_ENABLE_DEBUG_INFO = YES;
				ONLY_ACTIVE_ARCH = YES;
				SDKROOT = iphoneos;
				SWIFT_OPTIMIZATION_LEVEL = "-Onone";
			};
			name = Debug;
		};
		49628CCB1C4D065C00EBDD73 /* Release */ = {
			isa = XCBuildConfiguration;
			buildSettings = {
				ALWAYS_SEARCH_USER_PATHS = NO;
				CLANG_CXX_LANGUAGE_STANDARD = "gnu++0x";
				CLANG_CXX_LIBRARY = "libc++";
				CLANG_ENABLE_MODULES = YES;
				CLANG_ENABLE_OBJC_ARC = YES;
				CLANG_WARN_BOOL_CONVERSION = YES;
				CLANG_WARN_CONSTANT_CONVERSION = YES;
				CLANG_WARN_DIRECT_OBJC_ISA_USAGE = YES_ERROR;
				CLANG_WARN_EMPTY_BODY = YES;
				CLANG_WARN_ENUM_CONVERSION = YES;
				CLANG_WARN_INT_CONVERSION = YES;
				CLANG_WARN_OBJC_ROOT_CLASS = YES_ERROR;
				CLANG_WARN_UNREACHABLE_CODE = YES;
				CLANG_WARN__DUPLICATE_METHOD_MATCH = YES;
				"CODE_SIGN_IDENTITY[sdk=iphoneos*]" = "iPhone Developer";
				COPY_PHASE_STRIP = NO;
				DEBUG_INFORMATION_FORMAT = "dwarf-with-dsym";
				ENABLE_NS_ASSERTIONS = NO;
				ENABLE_STRICT_OBJC_MSGSEND = YES;
				GCC_C_LANGUAGE_STANDARD = gnu99;
				GCC_NO_COMMON_BLOCKS = YES;
				GCC_WARN_64_TO_32_BIT_CONVERSION = YES;
				GCC_WARN_ABOUT_RETURN_TYPE = YES_ERROR;
				GCC_WARN_UNDECLARED_SELECTOR = YES;
				GCC_WARN_UNINITIALIZED_AUTOS = YES_AGGRESSIVE;
				GCC_WARN_UNUSED_FUNCTION = YES;
				GCC_WARN_UNUSED_VARIABLE = YES;
				IPHONEOS_DEPLOYMENT_TARGET = 9.2;
				MTL_ENABLE_DEBUG_INFO = NO;
				SDKROOT = iphoneos;
				VALIDATE_PRODUCT = YES;
			};
			name = Release;
		};
		49628CCD1C4D065C00EBDD73 /* Debug */ = {
			isa = XCBuildConfiguration;
			buildSettings = {
				ASSETCATALOG_COMPILER_APPICON_NAME = AppIcon;
				CODE_SIGN_IDENTITY = "iPhone Developer";
				"CODE_SIGN_IDENTITY[sdk=iphoneos*]" = "iPhone Developer";
				INFOPLIST_FILE = MemeMe/Info.plist;
				LD_RUNPATH_SEARCH_PATHS = "$(inherited) @executable_path/Frameworks";
				PRODUCT_BUNDLE_IDENTIFIER = "Andrew-Tantomo.MemeMe";
				PRODUCT_NAME = "$(TARGET_NAME)";
				PROVISIONING_PROFILE = "";
			};
			name = Debug;
		};
		49628CCE1C4D065C00EBDD73 /* Release */ = {
			isa = XCBuildConfiguration;
			buildSettings = {
				ASSETCATALOG_COMPILER_APPICON_NAME = AppIcon;
				CODE_SIGN_IDENTITY = "iPhone Developer";
				"CODE_SIGN_IDENTITY[sdk=iphoneos*]" = "iPhone Developer";
				INFOPLIST_FILE = MemeMe/Info.plist;
				LD_RUNPATH_SEARCH_PATHS = "$(inherited) @executable_path/Frameworks";
				PRODUCT_BUNDLE_IDENTIFIER = "Andrew-Tantomo.MemeMe";
				PRODUCT_NAME = "$(TARGET_NAME)";
				PROVISIONING_PROFILE = "";
			};
			name = Release;
		};
/* End XCBuildConfiguration section */

/* Begin XCConfigurationList section */
		49628CB51C4D065B00EBDD73 /* Build configuration list for PBXProject "MemeMe" */ = {
			isa = XCConfigurationList;
			buildConfigurations = (
				49628CCA1C4D065C00EBDD73 /* Debug */,
				49628CCB1C4D065C00EBDD73 /* Release */,
			);
			defaultConfigurationIsVisible = 0;
			defaultConfigurationName = Release;
		};
		49628CCC1C4D065C00EBDD73 /* Build configuration list for PBXNativeTarget "MemeMe" */ = {
			isa = XCConfigurationList;
			buildConfigurations = (
				49628CCD1C4D065C00EBDD73 /* Debug */,
				49628CCE1C4D065C00EBDD73 /* Release */,
			);
			defaultConfigurationIsVisible = 0;
			defaultConfigurationName = Release;
		};
/* End XCConfigurationList section */
	};
	rootObject = 49628CB21C4D065B00EBDD73 /* Project object */;
}
